
Microsoft Visual Studio Solution File, Format Version 12.00
# Visual Studio 2013
VisualStudioVersion = 12.0.21005.1
MinimumVisualStudioVersion = 10.0.40219.1
Project("{FAE04EC0-301F-11D3-BF4B-00C04F79EFBC}") = "ventEnergyServ", "ventEnergyServ\ventEnergyServ.csproj", "{F74EB770-DD2D-4C11-AFFA-1E0F80A2C8C4}"
EndProject
Project("{FAE04EC0-301F-11D3-BF4B-00C04F79EFBC}") = "Vent Energy Client", "Vent Energy Client\Vent Energy Client.csproj", "{712A6EF1-A304-4EE9-912E-F86C4C87E44F}"
EndProject
Project("{FAE04EC0-301F-11D3-BF4B-00C04F79EFBC}") = "ventEnergy", "ventEnergy\ventEnergy.csproj", "{A443125E-70AF-4672-92C9-6562332FE187}"
EndProject
Project("{FAE04EC0-301F-11D3-BF4B-00C04F79EFBC}") = "ventEnergyWeb", "ventEnergyWeb\ventEnergyWeb.csproj", "{257E0459-327C-4335-A703-274A0B685868}"
EndProject
Global
	GlobalSection(SolutionConfigurationPlatforms) = preSolution
		Debug|Any CPU = Debug|Any CPU
		Debug|Mixed Platforms = Debug|Mixed Platforms
		Debug|x86 = Debug|x86
		Release|Any CPU = Release|Any CPU
		Release|Mixed Platforms = Release|Mixed Platforms
		Release|x86 = Release|x86
	EndGlobalSection
	GlobalSection(ProjectConfigurationPlatforms) = postSolution
		{F74EB770-DD2D-4C11-AFFA-1E0F80A2C8C4}.Debug|Any CPU.ActiveCfg = Debug|Any CPU
		{F74EB770-DD2D-4C11-AFFA-1E0F80A2C8C4}.Debug|Any CPU.Build.0 = Debug|Any CPU
		{F74EB770-DD2D-4C11-AFFA-1E0F80A2C8C4}.Debug|Mixed Platforms.ActiveCfg = Debug|x86
		{F74EB770-DD2D-4C11-AFFA-1E0F80A2C8C4}.Debug|Mixed Platforms.Build.0 = Debug|x86
		{F74EB770-DD2D-4C11-AFFA-1E0F80A2C8C4}.Debug|x86.ActiveCfg = Debug|x86
		{F74EB770-DD2D-4C11-AFFA-1E0F80A2C8C4}.Debug|x86.Build.0 = Debug|x86
		{F74EB770-DD2D-4C11-AFFA-1E0F80A2C8C4}.Release|Any CPU.ActiveCfg = Release|Any CPU
		{F74EB770-DD2D-4C11-AFFA-1E0F80A2C8C4}.Release|Any CPU.Build.0 = Release|Any CPU
		{F74EB770-DD2D-4C11-AFFA-1E0F80A2C8C4}.Release|Mixed Platforms.ActiveCfg = Release|x86
		{F74EB770-DD2D-4C11-AFFA-1E0F80A2C8C4}.Release|Mixed Platforms.Build.0 = Release|x86
		{F74EB770-DD2D-4C11-AFFA-1E0F80A2C8C4}.Release|x86.ActiveCfg = Release|x86
		{F74EB770-DD2D-4C11-AFFA-1E0F80A2C8C4}.Release|x86.Build.0 = Release|x86
		{712A6EF1-A304-4EE9-912E-F86C4C87E44F}.Debug|Any CPU.ActiveCfg = Debug|Any CPU
		{712A6EF1-A304-4EE9-912E-F86C4C87E44F}.Debug|Any CPU.Build.0 = Debug|Any CPU
		{712A6EF1-A304-4EE9-912E-F86C4C87E44F}.Debug|Mixed Platforms.ActiveCfg = Debug|Any CPU
		{712A6EF1-A304-4EE9-912E-F86C4C87E44F}.Debug|Mixed Platforms.Build.0 = Debug|Any CPU
		{712A6EF1-A304-4EE9-912E-F86C4C87E44F}.Debug|x86.ActiveCfg = Debug|Any CPU
		{712A6EF1-A304-4EE9-912E-F86C4C87E44F}.Release|Any CPU.ActiveCfg = Release|Any CPU
		{712A6EF1-A304-4EE9-912E-F86C4C87E44F}.Release|Any CPU.Build.0 = Release|Any CPU
		{712A6EF1-A304-4EE9-912E-F86C4C87E44F}.Release|Mixed Platforms.ActiveCfg = Release|Any CPU
		{712A6EF1-A304-4EE9-912E-F86C4C87E44F}.Release|Mixed Platforms.Build.0 = Release|Any CPU
		{712A6EF1-A304-4EE9-912E-F86C4C87E44F}.Release|x86.ActiveCfg = Release|Any CPU
		{A443125E-70AF-4672-92C9-6562332FE187}.Debug|Any CPU.ActiveCfg = Debug|Any CPU
		{A443125E-70AF-4672-92C9-6562332FE187}.Debug|Any CPU.Build.0 = Debug|Any CPU
		{A443125E-70AF-4672-92C9-6562332FE187}.Debug|Mixed Platforms.ActiveCfg = Debug|Any CPU
		{A443125E-70AF-4672-92C9-6562332FE187}.Debug|Mixed Platforms.Build.0 = Debug|Any CPU
		{A443125E-70AF-4672-92C9-6562332FE187}.Debug|x86.ActiveCfg = Debug|Any CPU
		{A443125E-70AF-4672-92C9-6562332FE187}.Release|Any CPU.ActiveCfg = Release|Any CPU
		{A443125E-70AF-4672-92C9-6562332FE187}.Release|Any CPU.Build.0 = Release|Any CPU
		{A443125E-70AF-4672-92C9-6562332FE187}.Release|Mixed Platforms.ActiveCfg = Release|Any CPU
		{A443125E-70AF-4672-92C9-6562332FE187}.Release|Mixed Platforms.Build.0 = Release|Any CPU
		{A443125E-70AF-4672-92C9-6562332FE187}.Release|x86.ActiveCfg = Release|Any CPU
		{257E0459-327C-4335-A703-274A0B685868}.Debug|Any CPU.ActiveCfg = Debug|Any CPU
		{257E0459-327C-4335-A703-274A0B685868}.Debug|Any CPU.Build.0 = Debug|Any CPU
		{257E0459-327C-4335-A703-274A0B685868}.Debug|Mixed Platforms.ActiveCfg = Debug|Any CPU
		{257E0459-327C-4335-A703-274A0B685868}.Debug|x86.ActiveCfg = Debug|Any CPU
		{257E0459-327C-4335-A703-274A0B685868}.Release|Any CPU.ActiveCfg = Release|Any CPU
		{257E0459-327C-4335-A703-274A0B685868}.Release|Any CPU.Build.0 = Release|Any CPU
		{257E0459-327C-4335-A703-274A0B685868}.Release|Mixed Platforms.ActiveCfg = Release|Any CPU
		{257E0459-327C-4335-A703-274A0B685868}.Release|x86.ActiveCfg = Release|Any CPU
	EndGlobalSection
	GlobalSection(SolutionProperties) = preSolution
		HideSolutionNode = FALSE
	EndGlobalSection
EndGlobal
